GITHUBTARBALL
  remote: boxen/puppet-boxen
  specs:
    boxen (3.11.1)

GITHUBTARBALL
  remote: boxen/puppet-brewcask
  specs:
    brewcask (0.0.7)

GITHUBTARBALL
  remote: boxen/puppet-git
  specs:
    git (2.8.1)

GITHUBTARBALL
  remote: boxen/puppet-homebrew
  specs:
    homebrew (2.0.2)

GITHUBTARBALL
  remote: boxen/puppet-repository
  specs:
    repository (2.4.1)

GITHUBTARBALL
  remote: boxen/puppet-sudo
  specs:
    sudo (1.0.0)

GITHUBTARBALL
  remote: puppetlabs/puppetlabs-inifile
  specs:
    inifile (1.4.1)

GITHUBTARBALL
  remote: puppetlabs/puppetlabs-stdlib
  specs:
    stdlib (4.7.0)

GITHUBTARBALL
  remote: ripienaar/puppet-module-data
  specs:
    module_data (0.0.4)

DEPENDENCIES
  boxen (= 3.11.1)
  brewcask (>= 0)
  git (>= 0)
  homebrew (>= 0)
  inifile (= 1.4.1)
  module_data (= 0.0.4)
  repository (>= 0)
  stdlib (= 4.7.0)
  sudo (>= 0)

